
Microsoft Visual Studio Solution File, Format Version 12.00
# Visual Studio Version 17
VisualStudioVersion = 17.7.34018.315
MinimumVisualStudioVersion = 10.0.40219.1
Project("{8BC9CEB8-8B4A-11D0-8D11-00A0C91BC942}") = "DataStructure", "DataStructure\DataStructure.vcxproj", "{50E36D94-8834-4B3F-BA33-8E500522F7ED}"
EndProject
Global
	GlobalSection(SolutionConfigurationPlatforms) = preSolution
		Debug|x64 = Debug|x64
		Debug|x86 = Debug|x86
		Release|x64 = Release|x64
		Release|x86 = Release|x86
	EndGlobalSection
	GlobalSection(ProjectConfigurationPlatforms) = postSolution
		{50E36D94-8834-4B3F-BA33-8E500522F7ED}.Debug|x64.ActiveCfg = Debug|x64
		{50E36D94-8834-4B3F-BA33-8E500522F7ED}.Debug|x64.Build.0 = Debug|x64
		{50E36D94-8834-4B3F-BA33-8E500522F7ED}.Debug|x86.ActiveCfg = Debug|Win32
		{50E36D94-8834-4B3F-BA33-8E500522F7ED}.Debug|x86.Build.0 = Debug|Win32
		{50E36D94-8834-4B3F-BA33-8E500522F7ED}.Release|x64.ActiveCfg = Release|x64
		{50E36D94-8834-4B3F-BA33-8E500522F7ED}.Release|x64.Build.0 = Release|x64
		{50E36D94-8834-4B3F-BA33-8E500522F7ED}.Release|x86.ActiveCfg = Release|Win32
		{50E36D94-8834-4B3F-BA33-8E500522F7ED}.Release|x86.Build.0 = Release|Win32
	EndGlobalSection
	GlobalSection(SolutionProperties) = preSolution
		HideSolutionNode = FALSE
	EndGlobalSection
	GlobalSection(ExtensibilityGlobals) = postSolution
		SolutionGuid = {483501EF-A280-4DED-8DBE-5F1B7202098B}
	EndGlobalSection
EndGlobal
